
Microsoft Visual Studio Solution File, Format Version 12.00
# Visual Studio Version 16
VisualStudioVersion = 25.0.1706.7
MinimumVisualStudioVersion = 10.0.40219.1
Project("{FAE04EC0-301F-11D3-BF4B-00C04F79EFBC}") = "TestSignalR", "TestSignalR\TestSignalR.csproj", "{3C019500-1ABC-4B4F-8650-0A7D3E8AD967}"
EndProject
Global
	GlobalSection(SolutionConfigurationPlatforms) = preSolution
		Debug|Any CPU = Debug|Any CPU
		Release|Any CPU = Release|Any CPU
	EndGlobalSection
	GlobalSection(ProjectConfigurationPlatforms) = postSolution
		{3C019500-1ABC-4B4F-8650-0A7D3E8AD967}.Debug|Any CPU.ActiveCfg = Debug|Any CPU
		{3C019500-1ABC-4B4F-8650-0A7D3E8AD967}.Debug|Any CPU.Build.0 = Debug|Any CPU
		{3C019500-1ABC-4B4F-8650-0A7D3E8AD967}.Release|Any CPU.ActiveCfg = Release|Any CPU
		{3C019500-1ABC-4B4F-8650-0A7D3E8AD967}.Release|Any CPU.Build.0 = Release|Any CPU
	EndGlobalSection
	GlobalSection(SolutionProperties) = preSolution
		HideSolutionNode = FALSE
	EndGlobalSection
	GlobalSection(ExtensibilityGlobals) = postSolution
		SolutionGuid = {5E056EE3-BF5F-4E6B-BF2B-90631D421B94}
	EndGlobalSection
EndGlobal
